{
  "version": 4,
  "terraform_version": "1.11.2",
  "serial": 30,
  "lineage": "ee10ec19-5a9e-0af1-24e7-544505203eb1",
  "outputs": {
    "codedeploy_app_name": {
      "value": "istory-app",
      "type": "string"
    },
    "codedeploy_deployment_group_name": {
      "value": "istory-deploy-group",
      "type": "string"
    },
    "dev_istory_nginx_instance_public_ip": {
      "value": "52.79.172.55",
      "type": "string"
    },
    "istory-deploy-bucket_name": {
      "value": "istory-deploy-bucket-235494823321",
      "type": "string"
    },
    "rds_database_name": {
      "value": "istory",
      "type": "string"
    },
    "rds_endpoint": {
      "value": "istory-db.c302ysyki2z4.ap-northeast-2.rds.amazonaws.com:3306",
      "type": "string"
    },
    "rds_username": {
      "value": "user",
      "type": "string"
    },
    "ssh_private_key_pem": {
      "value": "-----BEGIN RSA PRIVATE KEY-----\nMIIEpAIBAAKCAQEA8V++6Tj/xCQxpbzAbDCxynZ7jaaeUXmYt9k6qCAs7ygsJzDe\nR7VIZMg1dDqM7U23oNVWyghSvjL/yeIMVQRqtY+jFN8VVKmsUaAb302Y0bgfnjU0\nvacLsqjlLBSe/RG653qgdYROMp/UzuvdZ/LDH1klicck2Hz9kjN3fHIXd9l5BSTj\nrw3SOqH5GeuwFnMUzBhn3sNWAdb/n+oZeToYD6vc8xGBWMo1UfiLcxVc3Ga/oK+I\nJrRd1mVbQhW/K1IdqMnF1MY9z/qgdHwAJoq+fQ91G/cbse7RSUDvDmNSNlXPXkWw\nlZ6RSgJLxGoCTq6m4XjqrWNY8VQLC3kRoBP30QIDAQABAoIBAQCISVN2RCTGDtmp\nhyXu8J+yfavNk2KZBltgk1s3StOURc6IYmNfgdBad2EXO2gPJW6ldVAHyyNNGWas\nCuKDrnbCBVRDmKJmp1cQz6JtN1cuMxRHNCuPWh6UxiB//zS2F6i8wtSPBiFRHEYA\nf9UHuF7L+H3liXgYdJqITl8M+S6fECcc6r+51TvlOpvpw7G9jr4yhSi3xFg4kKRV\niVWtPSjEyRHq6tHCiaPoYGWUrVur7AsmuUaY7YYVgqntlUeZjQt1HlOB07bfIbkO\nbOp+07FIlEPYRGObmnPTnreWzV3LWV0kvEZq5gNrpKzDGl6S51gnH1zT0s+Pa4iZ\n8wIoQPABAoGBAP/FvhlpeJAwlnR1cfdhNXH50UqCoNtIWLgl3gG6+dO1TPFetJa3\nd2XwQ6yuTaQ4SLI1RVLmsXn46picbN7BIVQYCsFINdDyvP3GBQA5nxTmOX26ybj8\nCMcUwxrCIzBgnWTWUt26Sg4S9KoIylUKwK/aY8h5GpIzb9fK6oFsqCiRAoGBAPGW\nuUASBa4cmJXoW/oP67oAmzedaD4IN1H6MBmwq/udoV8OyCS7wUpKLsE8B3Lz0RLL\n7yqGhTw7EDlxuTkWD6f7xZJl8EA8dVbbeYL1GLZ7mF0vCGNY2UllJnHFyEcTy8ia\niOYDEKu3ZgP489FekKjAk26dOLr+PJYr+JqxpHtBAoGAEmq7sHq+uqs0+jfGuAhg\n388cOeBEEuYXtVLMtJUxDgR9ANhP6pZVW5q8VL/MSWngGizpy/leiCjbQ5fn4vZH\nHxYIGDjJ3zzLTP6oN4bupIObWilMAyzquOMO1WtrOz2Jt8wS9XJHiNHmmiO95fe7\nPi5chv/pYOOhRwmObzlStnECgYATrl67HHy/+W5oz/wmPAPNLF14w2cJnqu7DvG6\nNg1cuzO5RcACVhViEvcKIPTOZZSDvn9mbH0QMhOZSm13fBecbMNksM9IvGQmxkx4\n4bS4sQrxlHJPfZ59/zKJlD5DpBY26nf6nQdPpeo2qqJaTSTlyoJ4QXCssyeGaGCh\nYZVvwQKBgQDSml408YjCYfKC5gGaMbu7Qtx4YHhhsMpFI5I5YgvHfg8M/rxyaznK\nK8JniOE7fSy/wECigVNcN7ytcKceoMKHPuhrpkLbLiF5GfO7llnD0tQQgAhWIUE5\nxRhkKXvK1/OR5/Q8sX24ECUiMJh39dsX58bIleMmzQvMztc3d3Weiw==\n-----END RSA PRIVATE KEY-----\n",
      "type": "string",
      "sensitive": true
    }
  },
  "resources": [
    {
      "mode": "data",
      "type": "aws_caller_identity",
      "name": "current",
      "provider": "provider[\"registry.terraform.io/hashicorp/aws\"]",
      "instances": [
        {
          "schema_version": 0,
          "attributes": {
            "account_id": "235494823321",
            "arn": "arn:aws:iam::235494823321:user/cicd",
            "id": "235494823321",
            "user_id": "AIDATNVEV2WMYE4LBYMIH"
          },
          "sensitive_attributes": []
        }
      ]
    },
    {
      "mode": "managed",
      "type": "aws_codedeploy_app",
      "name": "istory-app",
      "provider": "provider[\"registry.terraform.io/hashicorp/aws\"]",
      "instances": [
        {
          "schema_version": 0,
          "attributes": {
            "application_id": "13e918a5-a33a-4fb7-9bfa-8e6a99eb5463",
            "arn": "arn:aws:codedeploy:ap-northeast-2:235494823321:application:istory-app",
            "compute_platform": "Server",
            "github_account_name": "",
            "id": "13e918a5-a33a-4fb7-9bfa-8e6a99eb5463:istory-app",
            "linked_to_github": false,
            "name": "istory-app",
            "tags": null,
            "tags_all": {}
          },
          "sensitive_attributes": [],
          "private": "bnVsbA=="
        }
      ]
    },
    {
      "mode": "managed",
      "type": "aws_codedeploy_deployment_group",
      "name": "istory-deploy_group",
      "provider": "provider[\"registry.terraform.io/hashicorp/aws\"]",
      "instances": [
        {
          "schema_version": 0,
          "attributes": {
            "alarm_configuration": [],
            "app_name": "istory-app",
            "arn": "arn:aws:codedeploy:ap-northeast-2:235494823321:deploymentgroup:istory-app/istory-deploy-group",
            "auto_rollback_configuration": [
              {
                "enabled": true,
                "events": [
                  "DEPLOYMENT_FAILURE"
                ]
              }
            ],
            "autoscaling_groups": null,
            "blue_green_deployment_config": [],
            "compute_platform": "Server",
            "deployment_config_name": "CodeDeployDefault.OneAtATime",
            "deployment_group_id": "d58009a8-b05a-402f-9a70-33f97b602ee1",
            "deployment_group_name": "istory-deploy-group",
            "deployment_style": [
              {
                "deployment_option": "WITHOUT_TRAFFIC_CONTROL",
                "deployment_type": "IN_PLACE"
              }
            ],
            "ec2_tag_filter": [],
            "ec2_tag_set": [
              {
                "ec2_tag_filter": [
                  {
                    "key": "Environment",
                    "type": "KEY_AND_VALUE",
                    "value": "Development"
                  }
                ]
              }
            ],
            "ecs_service": [],
            "id": "d58009a8-b05a-402f-9a70-33f97b602ee1",
            "load_balancer_info": [],
            "on_premises_instance_tag_filter": [],
            "outdated_instances_strategy": "UPDATE",
            "service_role_arn": "arn:aws:iam::235494823321:role/CodeDeployServiceRole",
            "tags": null,
            "tags_all": {},
            "termination_hook_enabled": false,
            "trigger_configuration": []
          },
          "sensitive_attributes": [],
          "private": "bnVsbA==",
          "dependencies": [
            "aws_codedeploy_app.istory-app",
            "aws_iam_role.codedeploy_service_role"
          ]
        }
      ]
    },
    {
      "mode": "managed",
      "type": "aws_db_instance",
      "name": "istory_db",
      "provider": "provider[\"registry.terraform.io/hashicorp/aws\"]",
      "instances": [
        {
          "schema_version": 2,
          "attributes": {
            "address": "istory-db.c302ysyki2z4.ap-northeast-2.rds.amazonaws.com",
            "allocated_storage": 20,
            "allow_major_version_upgrade": null,
            "apply_immediately": false,
            "arn": "arn:aws:rds:ap-northeast-2:235494823321:db:istory-db",
            "auto_minor_version_upgrade": true,
            "availability_zone": "ap-northeast-2b",
            "backup_retention_period": 7,
            "backup_target": "region",
            "backup_window": "03:00-04:00",
            "blue_green_update": [],
            "ca_cert_identifier": "rds-ca-rsa2048-g1",
            "character_set_name": "",
            "copy_tags_to_snapshot": false,
            "custom_iam_instance_profile": "",
            "customer_owned_ip_enabled": false,
            "database_insights_mode": "standard",
            "db_name": "istory",
            "db_subnet_group_name": "istory-db-subnet-group",
            "dedicated_log_volume": false,
            "delete_automated_backups": true,
            "deletion_protection": false,
            "domain": "",
            "domain_auth_secret_arn": "",
            "domain_dns_ips": null,
            "domain_fqdn": "",
            "domain_iam_role_name": "",
            "domain_ou": "",
            "enabled_cloudwatch_logs_exports": null,
            "endpoint": "istory-db.c302ysyki2z4.ap-northeast-2.rds.amazonaws.com:3306",
            "engine": "mysql",
            "engine_lifecycle_support": "open-source-rds-extended-support",
            "engine_version": "8.0",
            "engine_version_actual": "8.0.40",
            "final_snapshot_identifier": null,
            "hosted_zone_id": "ZLA2NUCOLGUUR",
            "iam_database_authentication_enabled": false,
            "id": "db-H5RPU6TQCTTZQGNNHJQT3R3PQU",
            "identifier": "istory-db",
            "identifier_prefix": "",
            "instance_class": "db.t3.micro",
            "iops": 0,
            "kms_key_id": "",
            "latest_restorable_time": "2025-03-22T05:49:59Z",
            "license_model": "general-public-license",
            "listener_endpoint": [],
            "maintenance_window": "mon:04:00-mon:05:00",
            "manage_master_user_password": null,
            "master_user_secret": [],
            "master_user_secret_kms_key_id": null,
            "max_allocated_storage": 0,
            "monitoring_interval": 0,
            "monitoring_role_arn": "",
            "multi_az": false,
            "nchar_character_set_name": "",
            "network_type": "IPV4",
            "option_group_name": "default:mysql-8-0",
            "parameter_group_name": "istory-db-parameter-group",
            "password": "user12345",
            "password_wo": null,
            "password_wo_version": null,
            "performance_insights_enabled": false,
            "performance_insights_kms_key_id": "",
            "performance_insights_retention_period": 0,
            "port": 3306,
            "publicly_accessible": false,
            "replica_mode": "",
            "replicas": [],
            "replicate_source_db": "",
            "resource_id": "db-H5RPU6TQCTTZQGNNHJQT3R3PQU",
            "restore_to_point_in_time": [],
            "s3_import": [],
            "skip_final_snapshot": true,
            "snapshot_identifier": null,
            "status": "available",
            "storage_encrypted": false,
            "storage_throughput": 0,
            "storage_type": "gp2",
            "tags": {
              "Environment": "Development",
              "Name": "istory"
            },
            "tags_all": {
              "Environment": "Development",
              "Name": "istory"
            },
            "timeouts": null,
            "timezone": "",
            "upgrade_storage_config": null,
            "username": "user",
            "vpc_security_group_ids": [
              "sg-043f96611bedc347a"
            ]
          },
          "sensitive_attributes": [
            [
              {
                "type": "get_attr",
                "value": "password"
              }
            ],
            [
              {
                "type": "get_attr",
                "value": "password_wo"
              }
            ]
          ],
          "private": "eyJlMmJmYjczMC1lY2FhLTExZTYtOGY4OC0zNDM2M2JjN2M0YzAiOnsiY3JlYXRlIjozMDAwMDAwMDAwMDAwLCJkZWxldGUiOjM2MDAwMDAwMDAwMDAsInVwZGF0ZSI6NDgwMDAwMDAwMDAwMH0sInNjaGVtYV92ZXJzaW9uIjoiMiJ9",
          "dependencies": [
            "aws_db_parameter_group.istory_db_parameter_group",
            "aws_db_subnet_group.istory_db_subnet_group",
            "aws_security_group.istory_nginx_sg",
            "aws_security_group.istory_rds_sg",
            "aws_subnet.dangtong-vpc-public-subnet",
            "aws_vpc.dangtong-vpc"
          ]
        }
      ]
    },
    {
      "mode": "managed",
      "type": "aws_db_parameter_group",
      "name": "istory_db_parameter_group",
      "provider": "provider[\"registry.terraform.io/hashicorp/aws\"]",
      "instances": [
        {
          "schema_version": 0,
          "attributes": {
            "arn": "arn:aws:rds:ap-northeast-2:235494823321:pg:istory-db-parameter-group",
            "description": "Managed by Terraform",
            "family": "mysql8.0",
            "id": "istory-db-parameter-group",
            "name": "istory-db-parameter-group",
            "name_prefix": "",
            "parameter": [
              {
                "apply_method": "immediate",
                "name": "character_set_client",
                "value": "utf8mb4"
              },
              {
                "apply_method": "immediate",
                "name": "character_set_server",
                "value": "utf8mb4"
              }
            ],
            "skip_destroy": false,
            "tags": null,
            "tags_all": {}
          },
          "sensitive_attributes": [],
          "private": "bnVsbA=="
        }
      ]
    },
    {
      "mode": "managed",
      "type": "aws_db_subnet_group",
      "name": "istory_db_subnet_group",
      "provider": "provider[\"registry.terraform.io/hashicorp/aws\"]",
      "instances": [
        {
          "schema_version": 0,
          "attributes": {
            "arn": "arn:aws:rds:ap-northeast-2:235494823321:subgrp:istory-db-subnet-group",
            "description": "Managed by Terraform",
            "id": "istory-db-subnet-group",
            "name": "istory-db-subnet-group",
            "name_prefix": "",
            "subnet_ids": [
              "subnet-02285c07b8256f07e",
              "subnet-063da2f727ece946d",
              "subnet-08a909488639220bd",
              "subnet-08fba8f39167d2290"
            ],
            "supported_network_types": [
              "IPV4"
            ],
            "tags": {
              "Name": "istory DB subnet group"
            },
            "tags_all": {
              "Name": "istory DB subnet group"
            },
            "vpc_id": "vpc-09403036e74382b5e"
          },
          "sensitive_attributes": [],
          "private": "bnVsbA==",
          "dependencies": [
            "aws_subnet.dangtong-vpc-public-subnet",
            "aws_vpc.dangtong-vpc"
          ]
        }
      ]
    },
    {
      "mode": "managed",
      "type": "aws_iam_instance_profile",
      "name": "ec2_profile",
      "provider": "provider[\"registry.terraform.io/hashicorp/aws\"]",
      "instances": [
        {
          "schema_version": 0,
          "attributes": {
            "arn": "arn:aws:iam::235494823321:instance-profile/EC2CodeDeployProfile",
            "create_date": "2025-03-22T05:45:21Z",
            "id": "EC2CodeDeployProfile",
            "name": "EC2CodeDeployProfile",
            "name_prefix": "",
            "path": "/",
            "role": "EC2CodeDeployRole",
            "tags": null,
            "tags_all": {},
            "unique_id": "AIPATNVEV2WMQIDS4PEN4"
          },
          "sensitive_attributes": [],
          "private": "bnVsbA==",
          "dependencies": [
            "aws_iam_role.ec2_codedeploy_role"
          ]
        }
      ]
    },
    {
      "mode": "managed",
      "type": "aws_iam_role",
      "name": "codedeploy_service_role",
      "provider": "provider[\"registry.terraform.io/hashicorp/aws\"]",
      "instances": [
        {
          "schema_version": 0,
          "attributes": {
            "arn": "arn:aws:iam::235494823321:role/CodeDeployServiceRole",
            "assume_role_policy": "{\"Statement\":[{\"Action\":\"sts:AssumeRole\",\"Effect\":\"Allow\",\"Principal\":{\"Service\":\"codedeploy.amazonaws.com\"}}],\"Version\":\"2012-10-17\"}",
            "create_date": "2025-03-22T05:45:20Z",
            "description": "",
            "force_detach_policies": false,
            "id": "CodeDeployServiceRole",
            "inline_policy": [],
            "managed_policy_arns": [],
            "max_session_duration": 3600,
            "name": "CodeDeployServiceRole",
            "name_prefix": "",
            "path": "/",
            "permissions_boundary": "",
            "tags": {
              "Name": "codedeploy-service-role"
            },
            "tags_all": {
              "Name": "codedeploy-service-role"
            },
            "unique_id": "AROATNVEV2WM25LI5RJWU"
          },
          "sensitive_attributes": [],
          "private": "bnVsbA=="
        }
      ]
    },
    {
      "mode": "managed",
      "type": "aws_iam_role",
      "name": "ec2_codedeploy_role",
      "provider": "provider[\"registry.terraform.io/hashicorp/aws\"]",
      "instances": [
        {
          "schema_version": 0,
          "attributes": {
            "arn": "arn:aws:iam::235494823321:role/EC2CodeDeployRole",
            "assume_role_policy": "{\"Statement\":[{\"Action\":\"sts:AssumeRole\",\"Effect\":\"Allow\",\"Principal\":{\"Service\":\"ec2.amazonaws.com\"}}],\"Version\":\"2012-10-17\"}",
            "create_date": "2025-03-22T05:45:20Z",
            "description": "",
            "force_detach_policies": false,
            "id": "EC2CodeDeployRole",
            "inline_policy": [],
            "managed_policy_arns": [],
            "max_session_duration": 3600,
            "name": "EC2CodeDeployRole",
            "name_prefix": "",
            "path": "/",
            "permissions_boundary": "",
            "tags": {
              "Name": "ec2-codedeploy-role"
            },
            "tags_all": {
              "Name": "ec2-codedeploy-role"
            },
            "unique_id": "AROATNVEV2WM2TD7BUBUU"
          },
          "sensitive_attributes": [],
          "private": "bnVsbA=="
        }
      ]
    },
    {
      "mode": "managed",
      "type": "aws_iam_role_policy_attachment",
      "name": "codedeploy_service",
      "provider": "provider[\"registry.terraform.io/hashicorp/aws\"]",
      "instances": [
        {
          "schema_version": 0,
          "attributes": {
            "id": "CodeDeployServiceRole-20250322054518107700000002",
            "policy_arn": "arn:aws:iam::aws:policy/service-role/AWSCodeDeployRole",
            "role": "CodeDeployServiceRole"
          },
          "sensitive_attributes": [],
          "private": "bnVsbA==",
          "dependencies": [
            "aws_iam_role.codedeploy_service_role"
          ]
        }
      ]
    },
    {
      "mode": "managed",
      "type": "aws_iam_role_policy_attachment",
      "name": "ec2_codedeploy",
      "provider": "provider[\"registry.terraform.io/hashicorp/aws\"]",
      "instances": [
        {
          "schema_version": 0,
          "attributes": {
            "id": "EC2CodeDeployRole-20250322054518388300000003",
            "policy_arn": "arn:aws:iam::aws:policy/service-role/AWSCodeDeployRole",
            "role": "EC2CodeDeployRole"
          },
          "sensitive_attributes": [],
          "private": "bnVsbA==",
          "dependencies": [
            "aws_iam_role.ec2_codedeploy_role"
          ]
        }
      ]
    },
    {
      "mode": "managed",
      "type": "aws_iam_role_policy_attachment",
      "name": "ec2_codedeploy_s3",
      "provider": "provider[\"registry.terraform.io/hashicorp/aws\"]",
      "instances": [
        {
          "schema_version": 0,
          "attributes": {
            "id": "EC2CodeDeployRole-20250322054518106400000001",
            "policy_arn": "arn:aws:iam::aws:policy/AmazonS3ReadOnlyAccess",
            "role": "EC2CodeDeployRole"
          },
          "sensitive_attributes": [],
          "private": "bnVsbA==",
          "dependencies": [
            "aws_iam_role.ec2_codedeploy_role"
          ]
        }
      ]
    },
    {
      "mode": "managed",
      "type": "aws_instance",
      "name": "dev_istory_nginx_instance",
      "provider": "provider[\"registry.terraform.io/hashicorp/aws\"]",
      "instances": [
        {
          "schema_version": 1,
          "attributes": {
            "ami": "ami-08b09b6acd8d62254",
            "arn": "arn:aws:ec2:ap-northeast-2:235494823321:instance/i-0bd71a9fa15d50393",
            "associate_public_ip_address": true,
            "availability_zone": "ap-northeast-2a",
            "capacity_reservation_specification": [
              {
                "capacity_reservation_preference": "open",
                "capacity_reservation_target": []
              }
            ],
            "cpu_core_count": 1,
            "cpu_options": [
              {
                "amd_sev_snp": "",
                "core_count": 1,
                "threads_per_core": 1
              }
            ],
            "cpu_threads_per_core": 1,
            "credit_specification": [
              {
                "cpu_credits": "standard"
              }
            ],
            "disable_api_stop": false,
            "disable_api_termination": false,
            "ebs_block_device": [],
            "ebs_optimized": false,
            "enable_primary_ipv6": null,
            "enclave_options": [
              {
                "enabled": false
              }
            ],
            "ephemeral_block_device": [],
            "get_password_data": false,
            "hibernation": false,
            "host_id": "",
            "host_resource_group_arn": null,
            "iam_instance_profile": "EC2CodeDeployProfile",
            "id": "i-0bd71a9fa15d50393",
            "instance_initiated_shutdown_behavior": "stop",
            "instance_lifecycle": "",
            "instance_market_options": [],
            "instance_state": "running",
            "instance_type": "t2.micro",
            "ipv6_address_count": 0,
            "ipv6_addresses": [],
            "key_name": "ec2-key_pair",
            "launch_template": [],
            "maintenance_options": [
              {
                "auto_recovery": "default"
              }
            ],
            "metadata_options": [
              {
                "http_endpoint": "enabled",
                "http_protocol_ipv6": "disabled",
                "http_put_response_hop_limit": 1,
                "http_tokens": "optional",
                "instance_metadata_tags": "disabled"
              }
            ],
            "monitoring": false,
            "network_interface": [],
            "outpost_arn": "",
            "password_data": "",
            "placement_group": "",
            "placement_partition_number": 0,
            "primary_network_interface_id": "eni-0a77abbd56e62bcef",
            "private_dns": "ip-10-0-1-151.ap-northeast-2.compute.internal",
            "private_dns_name_options": [
              {
                "enable_resource_name_dns_a_record": false,
                "enable_resource_name_dns_aaaa_record": false,
                "hostname_type": "ip-name"
              }
            ],
            "private_ip": "10.0.1.151",
            "public_dns": "ec2-52-79-172-55.ap-northeast-2.compute.amazonaws.com",
            "public_ip": "52.79.172.55",
            "root_block_device": [
              {
                "delete_on_termination": true,
                "device_name": "/dev/xvda",
                "encrypted": false,
                "iops": 100,
                "kms_key_id": "",
                "tags": {},
                "tags_all": {},
                "throughput": 0,
                "volume_id": "vol-0ed023a02ee549db5",
                "volume_size": 8,
                "volume_type": "gp2"
              }
            ],
            "secondary_private_ips": [],
            "security_groups": [],
            "source_dest_check": true,
            "spot_instance_request_id": "",
            "subnet_id": "subnet-02285c07b8256f07e",
            "tags": {
              "Environment": "Development",
              "Name": "istory nginx-server"
            },
            "tags_all": {
              "Environment": "Development",
              "Name": "istory nginx-server"
            },
            "tenancy": "default",
            "timeouts": null,
            "user_data": "89573fc17c6928260a1ff3340398cee177fd96f0",
            "user_data_base64": null,
            "user_data_replace_on_change": false,
            "volume_tags": null,
            "vpc_security_group_ids": [
              "sg-01c0a45b1739e37ff"
            ]
          },
          "sensitive_attributes": [],
          "private": "eyJlMmJmYjczMC1lY2FhLTExZTYtOGY4OC0zNDM2M2JjN2M0YzAiOnsiY3JlYXRlIjo2MDAwMDAwMDAwMDAsImRlbGV0ZSI6MTIwMDAwMDAwMDAwMCwicmVhZCI6OTAwMDAwMDAwMDAwLCJ1cGRhdGUiOjYwMDAwMDAwMDAwMH0sInNjaGVtYV92ZXJzaW9uIjoiMSJ9",
          "dependencies": [
            "aws_iam_instance_profile.ec2_profile",
            "aws_iam_role.ec2_codedeploy_role",
            "aws_key_pair.ec2_key_pair",
            "aws_security_group.istory_nginx_sg",
            "aws_subnet.dangtong-vpc-public-subnet",
            "aws_vpc.dangtong-vpc",
            "tls_private_key.ec2_private_key"
          ]
        }
      ]
    },
    {
      "mode": "managed",
      "type": "aws_internet_gateway",
      "name": "dangtong-igw",
      "provider": "provider[\"registry.terraform.io/hashicorp/aws\"]",
      "instances": [
        {
          "schema_version": 0,
          "attributes": {
            "arn": "arn:aws:ec2:ap-northeast-2:235494823321:internet-gateway/igw-042de29e3cef37e27",
            "id": "igw-042de29e3cef37e27",
            "owner_id": "235494823321",
            "tags": {
              "Name": "dangtong-igw"
            },
            "tags_all": {
              "Name": "dangtong-igw"
            },
            "timeouts": null,
            "vpc_id": "vpc-09403036e74382b5e"
          },
          "sensitive_attributes": [],
          "private": "eyJlMmJmYjczMC1lY2FhLTExZTYtOGY4OC0zNDM2M2JjN2M0YzAiOnsiY3JlYXRlIjoxMjAwMDAwMDAwMDAwLCJkZWxldGUiOjEyMDAwMDAwMDAwMDAsInVwZGF0ZSI6MTIwMDAwMDAwMDAwMH19",
          "dependencies": [
            "aws_vpc.dangtong-vpc"
          ]
        }
      ]
    },
    {
      "mode": "managed",
      "type": "aws_key_pair",
      "name": "ec2_key_pair",
      "provider": "provider[\"registry.terraform.io/hashicorp/aws\"]",
      "instances": [
        {
          "schema_version": 1,
          "attributes": {
            "arn": "arn:aws:ec2:ap-northeast-2:235494823321:key-pair/ec2-key_pair",
            "fingerprint": "be:d3:83:dc:4a:75:5e:41:d8:b8:4b:db:b0:37:6f:ad",
            "id": "ec2-key_pair",
            "key_name": "ec2-key_pair",
            "key_name_prefix": "",
            "key_pair_id": "key-081cf222e58e9de0d",
            "key_type": "rsa",
            "public_key": "ssh-rsa AAAAB3NzaC1yc2EAAAADAQABAAABAQDxX77pOP/EJDGlvMBsMLHKdnuNpp5ReZi32TqoICzvKCwnMN5HtUhkyDV0OoztTbeg1VbKCFK+Mv/J4gxVBGq1j6MU3xVUqaxRoBvfTZjRuB+eNTS9pwuyqOUsFJ79EbrneqB1hE4yn9TO691n8sMfWSWJxyTYfP2SM3d8chd32XkFJOOvDdI6ofkZ67AWcxTMGGfew1YB1v+f6hl5OhgPq9zzEYFYyjVR+ItzFVzcZr+gr4gmtF3WZVtCFb8rUh2oycXUxj3P+qB0fAAmir59D3Ub9xux7tFJQO8OY1I2Vc9eRbCVnpFKAkvEagJOrqbheOqtY1jxVAsLeRGgE/fR",
            "tags": null,
            "tags_all": {}
          },
          "sensitive_attributes": [],
          "private": "eyJzY2hlbWFfdmVyc2lvbiI6IjEifQ==",
          "dependencies": [
            "tls_private_key.ec2_private_key"
          ]
        }
      ]
    },
    {
      "mode": "managed",
      "type": "aws_route_table",
      "name": "dangtong-vpc-public-rt",
      "provider": "provider[\"registry.terraform.io/hashicorp/aws\"]",
      "instances": [
        {
          "schema_version": 0,
          "attributes": {
            "arn": "arn:aws:ec2:ap-northeast-2:235494823321:route-table/rtb-0e878ace8b386ad49",
            "id": "rtb-0e878ace8b386ad49",
            "owner_id": "235494823321",
            "propagating_vgws": [],
            "route": [
              {
                "carrier_gateway_id": "",
                "cidr_block": "0.0.0.0/0",
                "core_network_arn": "",
                "destination_prefix_list_id": "",
                "egress_only_gateway_id": "",
                "gateway_id": "igw-042de29e3cef37e27",
                "ipv6_cidr_block": "",
                "local_gateway_id": "",
                "nat_gateway_id": "",
                "network_interface_id": "",
                "transit_gateway_id": "",
                "vpc_endpoint_id": "",
                "vpc_peering_connection_id": ""
              }
            ],
            "tags": {
              "Name": "dangtong-vpc-public-rt"
            },
            "tags_all": {
              "Name": "dangtong-vpc-public-rt"
            },
            "timeouts": null,
            "vpc_id": "vpc-09403036e74382b5e"
          },
          "sensitive_attributes": [],
          "private": "eyJlMmJmYjczMC1lY2FhLTExZTYtOGY4OC0zNDM2M2JjN2M0YzAiOnsiY3JlYXRlIjozMDAwMDAwMDAwMDAsImRlbGV0ZSI6MzAwMDAwMDAwMDAwLCJ1cGRhdGUiOjEyMDAwMDAwMDAwMH19",
          "dependencies": [
            "aws_internet_gateway.dangtong-igw",
            "aws_vpc.dangtong-vpc"
          ]
        }
      ]
    },
    {
      "mode": "managed",
      "type": "aws_route_table_association",
      "name": "dangtong-vpc-public-rt",
      "provider": "provider[\"registry.terraform.io/hashicorp/aws\"]",
      "instances": [
        {
          "index_key": "a",
          "schema_version": 0,
          "attributes": {
            "gateway_id": "",
            "id": "rtbassoc-0c58980b970fb3f12",
            "route_table_id": "rtb-0e878ace8b386ad49",
            "subnet_id": "subnet-02285c07b8256f07e",
            "timeouts": null
          },
          "sensitive_attributes": [],
          "private": "eyJlMmJmYjczMC1lY2FhLTExZTYtOGY4OC0zNDM2M2JjN2M0YzAiOnsiY3JlYXRlIjozMDAwMDAwMDAwMDAsImRlbGV0ZSI6MzAwMDAwMDAwMDAwLCJ1cGRhdGUiOjEyMDAwMDAwMDAwMH19",
          "dependencies": [
            "aws_internet_gateway.dangtong-igw",
            "aws_route_table.dangtong-vpc-public-rt",
            "aws_subnet.dangtong-vpc-public-subnet",
            "aws_vpc.dangtong-vpc"
          ]
        },
        {
          "index_key": "b",
          "schema_version": 0,
          "attributes": {
            "gateway_id": "",
            "id": "rtbassoc-01bb73645cc2f0ddf",
            "route_table_id": "rtb-0e878ace8b386ad49",
            "subnet_id": "subnet-063da2f727ece946d",
            "timeouts": null
          },
          "sensitive_attributes": [],
          "private": "eyJlMmJmYjczMC1lY2FhLTExZTYtOGY4OC0zNDM2M2JjN2M0YzAiOnsiY3JlYXRlIjozMDAwMDAwMDAwMDAsImRlbGV0ZSI6MzAwMDAwMDAwMDAwLCJ1cGRhdGUiOjEyMDAwMDAwMDAwMH19",
          "dependencies": [
            "aws_internet_gateway.dangtong-igw",
            "aws_route_table.dangtong-vpc-public-rt",
            "aws_subnet.dangtong-vpc-public-subnet",
            "aws_vpc.dangtong-vpc"
          ]
        },
        {
          "index_key": "c",
          "schema_version": 0,
          "attributes": {
            "gateway_id": "",
            "id": "rtbassoc-056b2ad1f38859fc3",
            "route_table_id": "rtb-0e878ace8b386ad49",
            "subnet_id": "subnet-08fba8f39167d2290",
            "timeouts": null
          },
          "sensitive_attributes": [],
          "private": "eyJlMmJmYjczMC1lY2FhLTExZTYtOGY4OC0zNDM2M2JjN2M0YzAiOnsiY3JlYXRlIjozMDAwMDAwMDAwMDAsImRlbGV0ZSI6MzAwMDAwMDAwMDAwLCJ1cGRhdGUiOjEyMDAwMDAwMDAwMH19",
          "dependencies": [
            "aws_internet_gateway.dangtong-igw",
            "aws_route_table.dangtong-vpc-public-rt",
            "aws_subnet.dangtong-vpc-public-subnet",
            "aws_vpc.dangtong-vpc"
          ]
        },
        {
          "index_key": "d",
          "schema_version": 0,
          "attributes": {
            "gateway_id": "",
            "id": "rtbassoc-0a1118dc4e17f73ce",
            "route_table_id": "rtb-0e878ace8b386ad49",
            "subnet_id": "subnet-08a909488639220bd",
            "timeouts": null
          },
          "sensitive_attributes": [],
          "private": "eyJlMmJmYjczMC1lY2FhLTExZTYtOGY4OC0zNDM2M2JjN2M0YzAiOnsiY3JlYXRlIjozMDAwMDAwMDAwMDAsImRlbGV0ZSI6MzAwMDAwMDAwMDAwLCJ1cGRhdGUiOjEyMDAwMDAwMDAwMH19",
          "dependencies": [
            "aws_internet_gateway.dangtong-igw",
            "aws_route_table.dangtong-vpc-public-rt",
            "aws_subnet.dangtong-vpc-public-subnet",
            "aws_vpc.dangtong-vpc"
          ]
        }
      ]
    },
    {
      "mode": "managed",
      "type": "aws_s3_bucket",
      "name": "istory-deploy-bucket",
      "provider": "provider[\"registry.terraform.io/hashicorp/aws\"]",
      "instances": [
        {
          "schema_version": 0,
          "attributes": {
            "acceleration_status": "",
            "acl": null,
            "arn": "arn:aws:s3:::istory-deploy-bucket-235494823321",
            "bucket": "istory-deploy-bucket-235494823321",
            "bucket_domain_name": "istory-deploy-bucket-235494823321.s3.amazonaws.com",
            "bucket_prefix": "",
            "bucket_regional_domain_name": "istory-deploy-bucket-235494823321.s3.ap-northeast-2.amazonaws.com",
            "cors_rule": [],
            "force_destroy": false,
            "grant": [
              {
                "id": "99e7992f682956152106098de740829c92133f37c2c4ae769e836d068dac3514",
                "permissions": [
                  "FULL_CONTROL"
                ],
                "type": "CanonicalUser",
                "uri": ""
              }
            ],
            "hosted_zone_id": "Z3W03O7B5YMIYP",
            "id": "istory-deploy-bucket-235494823321",
            "lifecycle_rule": [],
            "logging": [],
            "object_lock_configuration": [],
            "object_lock_enabled": false,
            "policy": "",
            "region": "ap-northeast-2",
            "replication_configuration": [],
            "request_payer": "BucketOwner",
            "server_side_encryption_configuration": [
              {
                "rule": [
                  {
                    "apply_server_side_encryption_by_default": [
                      {
                        "kms_master_key_id": "",
                        "sse_algorithm": "AES256"
                      }
                    ],
                    "bucket_key_enabled": false
                  }
                ]
              }
            ],
            "tags": null,
            "tags_all": {},
            "timeouts": null,
            "versioning": [
              {
                "enabled": false,
                "mfa_delete": false
              }
            ],
            "website": [],
            "website_domain": null,
            "website_endpoint": null
          },
          "sensitive_attributes": [],
          "private": "eyJlMmJmYjczMC1lY2FhLTExZTYtOGY4OC0zNDM2M2JjN2M0YzAiOnsiY3JlYXRlIjoxMjAwMDAwMDAwMDAwLCJkZWxldGUiOjM2MDAwMDAwMDAwMDAsInJlYWQiOjEyMDAwMDAwMDAwMDAsInVwZGF0ZSI6MTIwMDAwMDAwMDAwMH19",
          "dependencies": [
            "data.aws_caller_identity.current"
          ]
        }
      ]
    },
    {
      "mode": "managed",
      "type": "aws_s3_bucket_versioning",
      "name": "deploy_bucket_versioning",
      "provider": "provider[\"registry.terraform.io/hashicorp/aws\"]",
      "instances": [
        {
          "schema_version": 0,
          "attributes": {
            "bucket": "istory-deploy-bucket-235494823321",
            "expected_bucket_owner": "",
            "id": "istory-deploy-bucket-235494823321",
            "mfa": null,
            "versioning_configuration": [
              {
                "mfa_delete": "",
                "status": "Enabled"
              }
            ]
          },
          "sensitive_attributes": [],
          "private": "bnVsbA==",
          "dependencies": [
            "aws_s3_bucket.istory-deploy-bucket",
            "data.aws_caller_identity.current"
          ]
        }
      ]
    },
    {
      "mode": "managed",
      "type": "aws_security_group",
      "name": "istory_nginx_sg",
      "provider": "provider[\"registry.terraform.io/hashicorp/aws\"]",
      "instances": [
        {
          "schema_version": 1,
          "attributes": {
            "arn": "arn:aws:ec2:ap-northeast-2:235494823321:security-group/sg-01c0a45b1739e37ff",
            "description": "Managed by Terraform",
            "egress": [
              {
                "cidr_blocks": [
                  "0.0.0.0/0"
                ],
                "description": "",
                "from_port": 0,
                "ipv6_cidr_blocks": [],
                "prefix_list_ids": [],
                "protocol": "-1",
                "security_groups": [],
                "self": false,
                "to_port": 0
              }
            ],
            "id": "sg-01c0a45b1739e37ff",
            "ingress": [
              {
                "cidr_blocks": [
                  "0.0.0.0/0"
                ],
                "description": "Allow HTTP",
                "from_port": 8080,
                "ipv6_cidr_blocks": [],
                "prefix_list_ids": [],
                "protocol": "tcp",
                "security_groups": [],
                "self": false,
                "to_port": 8080
              },
              {
                "cidr_blocks": [
                  "0.0.0.0/0"
                ],
                "description": "Allow SSH",
                "from_port": 22,
                "ipv6_cidr_blocks": [],
                "prefix_list_ids": [],
                "protocol": "tcp",
                "security_groups": [],
                "self": false,
                "to_port": 22
              }
            ],
            "name": "istory nginx sg20250322054528081300000004",
            "name_prefix": "istory nginx sg",
            "owner_id": "235494823321",
            "revoke_rules_on_delete": false,
            "tags": null,
            "tags_all": {},
            "timeouts": null,
            "vpc_id": "vpc-09403036e74382b5e"
          },
          "sensitive_attributes": [],
          "private": "eyJlMmJmYjczMC1lY2FhLTExZTYtOGY4OC0zNDM2M2JjN2M0YzAiOnsiY3JlYXRlIjo2MDAwMDAwMDAwMDAsImRlbGV0ZSI6OTAwMDAwMDAwMDAwfSwic2NoZW1hX3ZlcnNpb24iOiIxIn0=",
          "dependencies": [
            "aws_vpc.dangtong-vpc"
          ]
        }
      ]
    },
    {
      "mode": "managed",
      "type": "aws_security_group",
      "name": "istory_rds_sg",
      "provider": "provider[\"registry.terraform.io/hashicorp/aws\"]",
      "instances": [
        {
          "schema_version": 1,
          "attributes": {
            "arn": "arn:aws:ec2:ap-northeast-2:235494823321:security-group/sg-043f96611bedc347a",
            "description": "Managed by Terraform",
            "egress": [
              {
                "cidr_blocks": [
                  "0.0.0.0/0"
                ],
                "description": "",
                "from_port": 0,
                "ipv6_cidr_blocks": [],
                "prefix_list_ids": [],
                "protocol": "-1",
                "security_groups": [],
                "self": false,
                "to_port": 0
              }
            ],
            "id": "sg-043f96611bedc347a",
            "ingress": [
              {
                "cidr_blocks": [],
                "description": "Allow MySQL from EC2",
                "from_port": 3306,
                "ipv6_cidr_blocks": [],
                "prefix_list_ids": [],
                "protocol": "tcp",
                "security_groups": [
                  "sg-01c0a45b1739e37ff"
                ],
                "self": false,
                "to_port": 3306
              }
            ],
            "name": "istory rds sg20250322054530593500000006",
            "name_prefix": "istory rds sg",
            "owner_id": "235494823321",
            "revoke_rules_on_delete": false,
            "tags": {
              "Name": "istory-rds-sg"
            },
            "tags_all": {
              "Name": "istory-rds-sg"
            },
            "timeouts": null,
            "vpc_id": "vpc-09403036e74382b5e"
          },
          "sensitive_attributes": [],
          "private": "eyJlMmJmYjczMC1lY2FhLTExZTYtOGY4OC0zNDM2M2JjN2M0YzAiOnsiY3JlYXRlIjo2MDAwMDAwMDAwMDAsImRlbGV0ZSI6OTAwMDAwMDAwMDAwfSwic2NoZW1hX3ZlcnNpb24iOiIxIn0=",
          "dependencies": [
            "aws_security_group.istory_nginx_sg",
            "aws_vpc.dangtong-vpc"
          ]
        }
      ]
    },
    {
      "mode": "managed",
      "type": "aws_subnet",
      "name": "dangtong-vpc-public-subnet",
      "provider": "provider[\"registry.terraform.io/hashicorp/aws\"]",
      "instances": [
        {
          "index_key": "a",
          "schema_version": 1,
          "attributes": {
            "arn": "arn:aws:ec2:ap-northeast-2:235494823321:subnet/subnet-02285c07b8256f07e",
            "assign_ipv6_address_on_creation": false,
            "availability_zone": "ap-northeast-2a",
            "availability_zone_id": "apne2-az1",
            "cidr_block": "10.0.1.0/24",
            "customer_owned_ipv4_pool": "",
            "enable_dns64": false,
            "enable_lni_at_device_index": 0,
            "enable_resource_name_dns_a_record_on_launch": false,
            "enable_resource_name_dns_aaaa_record_on_launch": false,
            "id": "subnet-02285c07b8256f07e",
            "ipv6_cidr_block": "",
            "ipv6_cidr_block_association_id": "",
            "ipv6_native": false,
            "map_customer_owned_ip_on_launch": false,
            "map_public_ip_on_launch": true,
            "outpost_arn": "",
            "owner_id": "235494823321",
            "private_dns_hostname_type_on_launch": "ip-name",
            "tags": {
              "Name": "dangtong-vpc-public-subnet-a"
            },
            "tags_all": {
              "Name": "dangtong-vpc-public-subnet-a"
            },
            "timeouts": null,
            "vpc_id": "vpc-09403036e74382b5e"
          },
          "sensitive_attributes": [],
          "private": "eyJlMmJmYjczMC1lY2FhLTExZTYtOGY4OC0zNDM2M2JjN2M0YzAiOnsiY3JlYXRlIjo2MDAwMDAwMDAwMDAsImRlbGV0ZSI6MTIwMDAwMDAwMDAwMH0sInNjaGVtYV92ZXJzaW9uIjoiMSJ9",
          "dependencies": [
            "aws_vpc.dangtong-vpc"
          ]
        },
        {
          "index_key": "b",
          "schema_version": 1,
          "attributes": {
            "arn": "arn:aws:ec2:ap-northeast-2:235494823321:subnet/subnet-063da2f727ece946d",
            "assign_ipv6_address_on_creation": false,
            "availability_zone": "ap-northeast-2b",
            "availability_zone_id": "apne2-az2",
            "cidr_block": "10.0.2.0/24",
            "customer_owned_ipv4_pool": "",
            "enable_dns64": false,
            "enable_lni_at_device_index": 0,
            "enable_resource_name_dns_a_record_on_launch": false,
            "enable_resource_name_dns_aaaa_record_on_launch": false,
            "id": "subnet-063da2f727ece946d",
            "ipv6_cidr_block": "",
            "ipv6_cidr_block_association_id": "",
            "ipv6_native": false,
            "map_customer_owned_ip_on_launch": false,
            "map_public_ip_on_launch": true,
            "outpost_arn": "",
            "owner_id": "235494823321",
            "private_dns_hostname_type_on_launch": "ip-name",
            "tags": {
              "Name": "dangtong-vpc-public-subnet-b"
            },
            "tags_all": {
              "Name": "dangtong-vpc-public-subnet-b"
            },
            "timeouts": null,
            "vpc_id": "vpc-09403036e74382b5e"
          },
          "sensitive_attributes": [],
          "private": "eyJlMmJmYjczMC1lY2FhLTExZTYtOGY4OC0zNDM2M2JjN2M0YzAiOnsiY3JlYXRlIjo2MDAwMDAwMDAwMDAsImRlbGV0ZSI6MTIwMDAwMDAwMDAwMH0sInNjaGVtYV92ZXJzaW9uIjoiMSJ9",
          "dependencies": [
            "aws_vpc.dangtong-vpc"
          ]
        },
        {
          "index_key": "c",
          "schema_version": 1,
          "attributes": {
            "arn": "arn:aws:ec2:ap-northeast-2:235494823321:subnet/subnet-08fba8f39167d2290",
            "assign_ipv6_address_on_creation": false,
            "availability_zone": "ap-northeast-2c",
            "availability_zone_id": "apne2-az3",
            "cidr_block": "10.0.3.0/24",
            "customer_owned_ipv4_pool": "",
            "enable_dns64": false,
            "enable_lni_at_device_index": 0,
            "enable_resource_name_dns_a_record_on_launch": false,
            "enable_resource_name_dns_aaaa_record_on_launch": false,
            "id": "subnet-08fba8f39167d2290",
            "ipv6_cidr_block": "",
            "ipv6_cidr_block_association_id": "",
            "ipv6_native": false,
            "map_customer_owned_ip_on_launch": false,
            "map_public_ip_on_launch": true,
            "outpost_arn": "",
            "owner_id": "235494823321",
            "private_dns_hostname_type_on_launch": "ip-name",
            "tags": {
              "Name": "dangtong-vpc-public-subnet-c"
            },
            "tags_all": {
              "Name": "dangtong-vpc-public-subnet-c"
            },
            "timeouts": null,
            "vpc_id": "vpc-09403036e74382b5e"
          },
          "sensitive_attributes": [],
          "private": "eyJlMmJmYjczMC1lY2FhLTExZTYtOGY4OC0zNDM2M2JjN2M0YzAiOnsiY3JlYXRlIjo2MDAwMDAwMDAwMDAsImRlbGV0ZSI6MTIwMDAwMDAwMDAwMH0sInNjaGVtYV92ZXJzaW9uIjoiMSJ9",
          "dependencies": [
            "aws_vpc.dangtong-vpc"
          ]
        },
        {
          "index_key": "d",
          "schema_version": 1,
          "attributes": {
            "arn": "arn:aws:ec2:ap-northeast-2:235494823321:subnet/subnet-08a909488639220bd",
            "assign_ipv6_address_on_creation": false,
            "availability_zone": "ap-northeast-2d",
            "availability_zone_id": "apne2-az4",
            "cidr_block": "10.0.4.0/24",
            "customer_owned_ipv4_pool": "",
            "enable_dns64": false,
            "enable_lni_at_device_index": 0,
            "enable_resource_name_dns_a_record_on_launch": false,
            "enable_resource_name_dns_aaaa_record_on_launch": false,
            "id": "subnet-08a909488639220bd",
            "ipv6_cidr_block": "",
            "ipv6_cidr_block_association_id": "",
            "ipv6_native": false,
            "map_customer_owned_ip_on_launch": false,
            "map_public_ip_on_launch": true,
            "outpost_arn": "",
            "owner_id": "235494823321",
            "private_dns_hostname_type_on_launch": "ip-name",
            "tags": {
              "Name": "dangtong-vpc-public-subnet-d"
            },
            "tags_all": {
              "Name": "dangtong-vpc-public-subnet-d"
            },
            "timeouts": null,
            "vpc_id": "vpc-09403036e74382b5e"
          },
          "sensitive_attributes": [],
          "private": "eyJlMmJmYjczMC1lY2FhLTExZTYtOGY4OC0zNDM2M2JjN2M0YzAiOnsiY3JlYXRlIjo2MDAwMDAwMDAwMDAsImRlbGV0ZSI6MTIwMDAwMDAwMDAwMH0sInNjaGVtYV92ZXJzaW9uIjoiMSJ9",
          "dependencies": [
            "aws_vpc.dangtong-vpc"
          ]
        }
      ]
    },
    {
      "mode": "managed",
      "type": "aws_vpc",
      "name": "dangtong-vpc",
      "provider": "provider[\"registry.terraform.io/hashicorp/aws\"]",
      "instances": [
        {
          "schema_version": 1,
          "attributes": {
            "arn": "arn:aws:ec2:ap-northeast-2:235494823321:vpc/vpc-09403036e74382b5e",
            "assign_generated_ipv6_cidr_block": false,
            "cidr_block": "10.0.0.0/16",
            "default_network_acl_id": "acl-0c8ec5105cfb4fd82",
            "default_route_table_id": "rtb-0bc20402619491981",
            "default_security_group_id": "sg-08b0a5071bce455fc",
            "dhcp_options_id": "dopt-0b78c4f3d8263b3ed",
            "enable_dns_hostnames": true,
            "enable_dns_support": true,
            "enable_network_address_usage_metrics": false,
            "id": "vpc-09403036e74382b5e",
            "instance_tenancy": "default",
            "ipv4_ipam_pool_id": null,
            "ipv4_netmask_length": null,
            "ipv6_association_id": "",
            "ipv6_cidr_block": "",
            "ipv6_cidr_block_network_border_group": "",
            "ipv6_ipam_pool_id": "",
            "ipv6_netmask_length": 0,
            "main_route_table_id": "rtb-0bc20402619491981",
            "owner_id": "235494823321",
            "tags": {
              "Name": "dangtong-vpc"
            },
            "tags_all": {
              "Name": "dangtong-vpc"
            }
          },
          "sensitive_attributes": [],
          "private": "eyJzY2hlbWFfdmVyc2lvbiI6IjEifQ=="
        }
      ]
    },
    {
      "mode": "managed",
      "type": "tls_private_key",
      "name": "ec2_private_key",
      "provider": "provider[\"registry.terraform.io/hashicorp/tls\"]",
      "instances": [
        {
          "schema_version": 1,
          "attributes": {
            "algorithm": "RSA",
            "ecdsa_curve": "P224",
            "id": "f1b49eb395d8995d0dc1e9b049e845574be97ddc",
            "private_key_openssh": "-----BEGIN OPENSSH PRIVATE KEY-----\nb3BlbnNzaC1rZXktdjEAAAAABG5vbmUAAAAEbm9uZQAAAAAAAAABAAABFwAAAAdz\nc2gtcnNhAAAAAwEAAQAAAQEA8V++6Tj/xCQxpbzAbDCxynZ7jaaeUXmYt9k6qCAs\n7ygsJzDeR7VIZMg1dDqM7U23oNVWyghSvjL/yeIMVQRqtY+jFN8VVKmsUaAb302Y\n0bgfnjU0vacLsqjlLBSe/RG653qgdYROMp/UzuvdZ/LDH1klicck2Hz9kjN3fHIX\nd9l5BSTjrw3SOqH5GeuwFnMUzBhn3sNWAdb/n+oZeToYD6vc8xGBWMo1UfiLcxVc\n3Ga/oK+IJrRd1mVbQhW/K1IdqMnF1MY9z/qgdHwAJoq+fQ91G/cbse7RSUDvDmNS\nNlXPXkWwlZ6RSgJLxGoCTq6m4XjqrWNY8VQLC3kRoBP30QAAA7htjkITbY5CEwAA\nAAdzc2gtcnNhAAABAQDxX77pOP/EJDGlvMBsMLHKdnuNpp5ReZi32TqoICzvKCwn\nMN5HtUhkyDV0OoztTbeg1VbKCFK+Mv/J4gxVBGq1j6MU3xVUqaxRoBvfTZjRuB+e\nNTS9pwuyqOUsFJ79EbrneqB1hE4yn9TO691n8sMfWSWJxyTYfP2SM3d8chd32XkF\nJOOvDdI6ofkZ67AWcxTMGGfew1YB1v+f6hl5OhgPq9zzEYFYyjVR+ItzFVzcZr+g\nr4gmtF3WZVtCFb8rUh2oycXUxj3P+qB0fAAmir59D3Ub9xux7tFJQO8OY1I2Vc9e\nRbCVnpFKAkvEagJOrqbheOqtY1jxVAsLeRGgE/fRAAAAAwEAAQAAAQEAiElTdkQk\nxg7ZqYcl7vCfsn2rzZNimQZbYJNbN0rTlEXOiGJjX4HQWndhFztoDyVupXVQB8sj\nTRlmrArig652wgVUQ5iiZqdXEM+ibTdXLjMURzQrj1oelMYgf/80theovMLUjwYh\nURxGAH/VB7hey/h95Yl4GHSaiE5fDPkunxAnHOq/udU75Tqb6cOxvY6+MoUot8RY\nOJCkVYlVrT0oxMkR6urRwomj6GBllK1bq+wLJrlGmO2GFYKp7ZVHmY0LdR5TgdO2\n3yG5DmzqftOxSJRD2ERjm5pz0563ls1dy1ldJLxGauYDa6SswxpekudYJx9c09LP\nj2uImfMCKEDwAQAAAIEA0ppeNPGIwmHyguYBmjG7u0LceGB4YbDKRSOSOWILx34P\nDP68cms5yivCZ4jhO30sv8BAooFTXDe8rXCnHqDChz7oa6ZC2y4heRnzu5ZZw9LU\nEIAIViFBOcUYZCl7ytfzkef0PLF9uBAlIjCYd/XbF+fGyJXjJs0LzM7XN3d1nosA\nAACBAP/FvhlpeJAwlnR1cfdhNXH50UqCoNtIWLgl3gG6+dO1TPFetJa3d2XwQ6yu\nTaQ4SLI1RVLmsXn46picbN7BIVQYCsFINdDyvP3GBQA5nxTmOX26ybj8CMcUwxrC\nIzBgnWTWUt26Sg4S9KoIylUKwK/aY8h5GpIzb9fK6oFsqCiRAAAAgQDxlrlAEgWu\nHJiV6Fv6D+u6AJs3nWg+CDdR+jAZsKv7naFfDsgku8FKSi7BPAdy89ESy+8qhoU8\nOxA5cbk5Fg+n+8WSZfBAPHVW23mC9Ri2e5hdLwhjWNlJZSZxxchHE8vImojmAxCr\nt2YD+PPRXpCowJNunTi6/jyWK/iasaR7QQAAAAAB\n-----END OPENSSH PRIVATE KEY-----\n",
            "private_key_pem": "-----BEGIN RSA PRIVATE KEY-----\nMIIEpAIBAAKCAQEA8V++6Tj/xCQxpbzAbDCxynZ7jaaeUXmYt9k6qCAs7ygsJzDe\nR7VIZMg1dDqM7U23oNVWyghSvjL/yeIMVQRqtY+jFN8VVKmsUaAb302Y0bgfnjU0\nvacLsqjlLBSe/RG653qgdYROMp/UzuvdZ/LDH1klicck2Hz9kjN3fHIXd9l5BSTj\nrw3SOqH5GeuwFnMUzBhn3sNWAdb/n+oZeToYD6vc8xGBWMo1UfiLcxVc3Ga/oK+I\nJrRd1mVbQhW/K1IdqMnF1MY9z/qgdHwAJoq+fQ91G/cbse7RSUDvDmNSNlXPXkWw\nlZ6RSgJLxGoCTq6m4XjqrWNY8VQLC3kRoBP30QIDAQABAoIBAQCISVN2RCTGDtmp\nhyXu8J+yfavNk2KZBltgk1s3StOURc6IYmNfgdBad2EXO2gPJW6ldVAHyyNNGWas\nCuKDrnbCBVRDmKJmp1cQz6JtN1cuMxRHNCuPWh6UxiB//zS2F6i8wtSPBiFRHEYA\nf9UHuF7L+H3liXgYdJqITl8M+S6fECcc6r+51TvlOpvpw7G9jr4yhSi3xFg4kKRV\niVWtPSjEyRHq6tHCiaPoYGWUrVur7AsmuUaY7YYVgqntlUeZjQt1HlOB07bfIbkO\nbOp+07FIlEPYRGObmnPTnreWzV3LWV0kvEZq5gNrpKzDGl6S51gnH1zT0s+Pa4iZ\n8wIoQPABAoGBAP/FvhlpeJAwlnR1cfdhNXH50UqCoNtIWLgl3gG6+dO1TPFetJa3\nd2XwQ6yuTaQ4SLI1RVLmsXn46picbN7BIVQYCsFINdDyvP3GBQA5nxTmOX26ybj8\nCMcUwxrCIzBgnWTWUt26Sg4S9KoIylUKwK/aY8h5GpIzb9fK6oFsqCiRAoGBAPGW\nuUASBa4cmJXoW/oP67oAmzedaD4IN1H6MBmwq/udoV8OyCS7wUpKLsE8B3Lz0RLL\n7yqGhTw7EDlxuTkWD6f7xZJl8EA8dVbbeYL1GLZ7mF0vCGNY2UllJnHFyEcTy8ia\niOYDEKu3ZgP489FekKjAk26dOLr+PJYr+JqxpHtBAoGAEmq7sHq+uqs0+jfGuAhg\n388cOeBEEuYXtVLMtJUxDgR9ANhP6pZVW5q8VL/MSWngGizpy/leiCjbQ5fn4vZH\nHxYIGDjJ3zzLTP6oN4bupIObWilMAyzquOMO1WtrOz2Jt8wS9XJHiNHmmiO95fe7\nPi5chv/pYOOhRwmObzlStnECgYATrl67HHy/+W5oz/wmPAPNLF14w2cJnqu7DvG6\nNg1cuzO5RcACVhViEvcKIPTOZZSDvn9mbH0QMhOZSm13fBecbMNksM9IvGQmxkx4\n4bS4sQrxlHJPfZ59/zKJlD5DpBY26nf6nQdPpeo2qqJaTSTlyoJ4QXCssyeGaGCh\nYZVvwQKBgQDSml408YjCYfKC5gGaMbu7Qtx4YHhhsMpFI5I5YgvHfg8M/rxyaznK\nK8JniOE7fSy/wECigVNcN7ytcKceoMKHPuhrpkLbLiF5GfO7llnD0tQQgAhWIUE5\nxRhkKXvK1/OR5/Q8sX24ECUiMJh39dsX58bIleMmzQvMztc3d3Weiw==\n-----END RSA PRIVATE KEY-----\n",
            "private_key_pem_pkcs8": "-----BEGIN PRIVATE KEY-----\nMIIEvgIBADANBgkqhkiG9w0BAQEFAASCBKgwggSkAgEAAoIBAQDxX77pOP/EJDGl\nvMBsMLHKdnuNpp5ReZi32TqoICzvKCwnMN5HtUhkyDV0OoztTbeg1VbKCFK+Mv/J\n4gxVBGq1j6MU3xVUqaxRoBvfTZjRuB+eNTS9pwuyqOUsFJ79EbrneqB1hE4yn9TO\n691n8sMfWSWJxyTYfP2SM3d8chd32XkFJOOvDdI6ofkZ67AWcxTMGGfew1YB1v+f\n6hl5OhgPq9zzEYFYyjVR+ItzFVzcZr+gr4gmtF3WZVtCFb8rUh2oycXUxj3P+qB0\nfAAmir59D3Ub9xux7tFJQO8OY1I2Vc9eRbCVnpFKAkvEagJOrqbheOqtY1jxVAsL\neRGgE/fRAgMBAAECggEBAIhJU3ZEJMYO2amHJe7wn7J9q82TYpkGW2CTWzdK05RF\nzohiY1+B0Fp3YRc7aA8lbqV1UAfLI00ZZqwK4oOudsIFVEOYomanVxDPom03Vy4z\nFEc0K49aHpTGIH//NLYXqLzC1I8GIVEcRgB/1Qe4Xsv4feWJeBh0mohOXwz5Lp8Q\nJxzqv7nVO+U6m+nDsb2OvjKFKLfEWDiQpFWJVa09KMTJEerq0cKJo+hgZZStW6vs\nCya5RpjthhWCqe2VR5mNC3UeU4HTtt8huQ5s6n7TsUiUQ9hEY5uac9Oet5bNXctZ\nXSS8RmrmA2ukrMMaXpLnWCcfXNPSz49riJnzAihA8AECgYEA/8W+GWl4kDCWdHVx\n92E1cfnRSoKg20hYuCXeAbr507VM8V60lrd3ZfBDrK5NpDhIsjVFUuaxefjqmJxs\n3sEhVBgKwUg10PK8/cYFADmfFOY5fbrJuPwIxxTDGsIjMGCdZNZS3bpKDhL0qgjK\nVQrAr9pjyHkakjNv18rqgWyoKJECgYEA8Za5QBIFrhyYlehb+g/rugCbN51oPgg3\nUfowGbCr+52hXw7IJLvBSkouwTwHcvPREsvvKoaFPDsQOXG5ORYPp/vFkmXwQDx1\nVtt5gvUYtnuYXS8IY1jZSWUmccXIRxPLyJqI5gMQq7dmA/jz0V6QqMCTbp04uv48\nliv4mrGke0ECgYASaruwer66qzT6N8a4CGDfzxw54EQS5he1Usy0lTEOBH0A2E/q\nllVbmrxUv8xJaeAaLOnL+V6IKNtDl+fi9kcfFggYOMnfPMtM/qg3hu6kg5taKUwD\nLOq44w7Va2s7PYm3zBL1ckeI0eaaI73l97s+LlyG/+lg46FHCY5vOVK2cQKBgBOu\nXrscfL/5bmjP/CY8A80sXXjDZwmeq7sO8bo2DVy7M7lFwAJWFWIS9wog9M5llIO+\nf2ZsfRAyE5lKbXd8F5xsw2Swz0i8ZCbGTHjhtLixCvGUck99nn3/MomUPkOkFjbq\nd/qdB0+l6jaqolpNJOXKgnhBcKyzJ4ZoYKFhlW/BAoGBANKaXjTxiMJh8oLmAZox\nu7tC3HhgeGGwykUjkjliC8d+Dwz+vHJrOcorwmeI4Tt9LL/AQKKBU1w3vK1wpx6g\nwoc+6GumQtsuIXkZ87uWWcPS1BCACFYhQTnFGGQpe8rX85Hn9DyxfbgQJSIwmHf1\n2xfnxsiV4ybNC8zO1zd3dZ6L\n-----END PRIVATE KEY-----\n",
            "public_key_fingerprint_md5": "a6:c3:c0:84:26:3e:df:c6:ac:34:a2:52:2e:da:4f:06",
            "public_key_fingerprint_sha256": "SHA256:ed+mQ7Y5PV1QianVS7COCj368WcghJsyT6nHHnpCtm8",
            "public_key_openssh": "ssh-rsa AAAAB3NzaC1yc2EAAAADAQABAAABAQDxX77pOP/EJDGlvMBsMLHKdnuNpp5ReZi32TqoICzvKCwnMN5HtUhkyDV0OoztTbeg1VbKCFK+Mv/J4gxVBGq1j6MU3xVUqaxRoBvfTZjRuB+eNTS9pwuyqOUsFJ79EbrneqB1hE4yn9TO691n8sMfWSWJxyTYfP2SM3d8chd32XkFJOOvDdI6ofkZ67AWcxTMGGfew1YB1v+f6hl5OhgPq9zzEYFYyjVR+ItzFVzcZr+gr4gmtF3WZVtCFb8rUh2oycXUxj3P+qB0fAAmir59D3Ub9xux7tFJQO8OY1I2Vc9eRbCVnpFKAkvEagJOrqbheOqtY1jxVAsLeRGgE/fR\n",
            "public_key_pem": "-----BEGIN PUBLIC KEY-----\nMIIBIjANBgkqhkiG9w0BAQEFAAOCAQ8AMIIBCgKCAQEA8V++6Tj/xCQxpbzAbDCx\nynZ7jaaeUXmYt9k6qCAs7ygsJzDeR7VIZMg1dDqM7U23oNVWyghSvjL/yeIMVQRq\ntY+jFN8VVKmsUaAb302Y0bgfnjU0vacLsqjlLBSe/RG653qgdYROMp/UzuvdZ/LD\nH1klicck2Hz9kjN3fHIXd9l5BSTjrw3SOqH5GeuwFnMUzBhn3sNWAdb/n+oZeToY\nD6vc8xGBWMo1UfiLcxVc3Ga/oK+IJrRd1mVbQhW/K1IdqMnF1MY9z/qgdHwAJoq+\nfQ91G/cbse7RSUDvDmNSNlXPXkWwlZ6RSgJLxGoCTq6m4XjqrWNY8VQLC3kRoBP3\n0QIDAQAB\n-----END PUBLIC KEY-----\n",
            "rsa_bits": 2048
          },
          "sensitive_attributes": [
            [
              {
                "type": "get_attr",
                "value": "private_key_pem_pkcs8"
              }
            ],
            [
              {
                "type": "get_attr",
                "value": "private_key_openssh"
              }
            ],
            [
              {
                "type": "get_attr",
                "value": "private_key_pem"
              }
            ]
          ]
        }
      ]
    }
  ],
  "check_results": null
}
